
Microsoft Visual Studio Solution File, Format Version 12.00
# Visual Studio Version 17
VisualStudioVersion = 17.11.35327.3
MinimumVisualStudioVersion = 10.0.40219.1
Project("{8BC9CEB8-8B4A-11D0-8D11-00A0C91BC942}") = "Lab4", "Lab4\Lab4.vcxproj", "{FA1C306F-8DEC-46C5-8B11-0826A61CD0F3}"
EndProject
Global
	GlobalSection(SolutionConfigurationPlatforms) = preSolution
		Debug|x64 = Debug|x64
		Debug|x86 = Debug|x86
		Release|x64 = Release|x64
		Release|x86 = Release|x86
	EndGlobalSection
	GlobalSection(ProjectConfigurationPlatforms) = postSolution
		{FA1C306F-8DEC-46C5-8B11-0826A61CD0F3}.Debug|x64.ActiveCfg = Debug|x64
		{FA1C306F-8DEC-46C5-8B11-0826A61CD0F3}.Debug|x64.Build.0 = Debug|x64
		{FA1C306F-8DEC-46C5-8B11-0826A61CD0F3}.Debug|x86.ActiveCfg = Debug|Win32
		{FA1C306F-8DEC-46C5-8B11-0826A61CD0F3}.Debug|x86.Build.0 = Debug|Win32
		{FA1C306F-8DEC-46C5-8B11-0826A61CD0F3}.Release|x64.ActiveCfg = Release|x64
		{FA1C306F-8DEC-46C5-8B11-0826A61CD0F3}.Release|x64.Build.0 = Release|x64
		{FA1C306F-8DEC-46C5-8B11-0826A61CD0F3}.Release|x86.ActiveCfg = Release|Win32
		{FA1C306F-8DEC-46C5-8B11-0826A61CD0F3}.Release|x86.Build.0 = Release|Win32
	EndGlobalSection
	GlobalSection(SolutionProperties) = preSolution
		HideSolutionNode = FALSE
	EndGlobalSection
	GlobalSection(ExtensibilityGlobals) = postSolution
		SolutionGuid = {A69E3AC8-B412-4555-A9A9-7B7BE5AA3F59}
	EndGlobalSection
EndGlobal
